# This file is automatically @generated by Cargo.
# It is not intended for manual editing.
version = 3

[[package]]
name = "build-scripts"
version = "0.1.0"
dependencies = [
 "glob",
 "toml",
]

[[package]]
name = "glob"
version = "0.3.0"
source = "registry+https://github.com/rust-lang/crates.io-index"
checksum = "9b919933a397b79c37e33b77bb2aa3dc8eb6e165ad809e58ff75bc7db2e34574"

[[package]]
name = "serde"
version = "1.0.104"
source = "registry+https://github.com/rust-lang/crates.io-index"
checksum = "414115f25f818d7dfccec8ee535d76949ae78584fc4f79a6f45a904bf8ab4449"

[[package]]
name = "toml"
version = "0.5.5"
source = "registry+https://github.com/rust-lang/crates.io-index"
checksum = "01d1404644c8b12b16bfcffa4322403a91a451584daaaa7c28d3152e6cbc98cf"
dependencies = [
 "serde",
]
